// !$*UTF8*$!
{
	archiveVersion = 1;
	classes = {
	};
	objectVersion = 50;
	objects = {

/* Begin PBXBuildFile section */
		EA6AB818251210D400E92ECC /* AppDelegate.swift in Sources */ = {isa = PBXBuildFile; fileRef = EA6AB817251210D400E92ECC /* AppDelegate.swift */; };
		EA6AB81A251210D400E92ECC /* SceneDelegate.swift in Sources */ = {isa = PBXBuildFile; fileRef = EA6AB819251210D400E92ECC /* SceneDelegate.swift */; };
		EA6AB81C251210D400E92ECC /* WelcomeViewController.swift in Sources */ = {isa = PBXBuildFile; fileRef = EA6AB81B251210D400E92ECC /* WelcomeViewController.swift */; };
		EA6AB81F251210D400E92ECC /* Main.storyboard in Resources */ = {isa = PBXBuildFile; fileRef = EA6AB81D251210D400E92ECC /* Main.storyboard */; };
		EA6AB821251210D600E92ECC /* Assets.xcassets in Resources */ = {isa = PBXBuildFile; fileRef = EA6AB820251210D600E92ECC /* Assets.xcassets */; };
		EA6AB824251210D600E92ECC /* LaunchScreen.storyboard in Resources */ = {isa = PBXBuildFile; fileRef = EA6AB822251210D600E92ECC /* LaunchScreen.storyboard */; };
		EA6AB833251222B100E92ECC /* NewPodcastTableViewController.swift in Sources */ = {isa = PBXBuildFile; fileRef = EA6AB832251222B100E92ECC /* NewPodcastTableViewController.swift */; };
/* End PBXBuildFile section */

/* Begin PBXFileReference section */
		EA6AB814251210D400E92ECC /* VK Podcasts (Vezdekod).app */ = {isa = PBXFileReference; explicitFileType = wrapper.application; includeInIndex = 0; path = "VK Podcasts (Vezdekod).app"; sourceTree = BUILT_PRODUCTS_DIR; };
		EA6AB817251210D400E92ECC /* AppDelegate.swift */ = {isa = PBXFileReference; lastKnownFileType = sourcecode.swift; path = AppDelegate.swift; sourceTree = "<group>"; };
		EA6AB819251210D400E92ECC /* SceneDelegate.swift */ = {isa = PBXFileReference; lastKnownFileType = sourcecode.swift; path = SceneDelegate.swift; sourceTree = "<group>"; };
		EA6AB81B251210D400E92ECC /* WelcomeViewController.swift */ = {isa = PBXFileReference; lastKnownFileType = sourcecode.swift; path = WelcomeViewController.swift; sourceTree = "<group>"; };
		EA6AB81E251210D400E92ECC /* Base */ = {isa = PBXFileReference; lastKnownFileType = file.storyboard; name = Base; path = Base.lproj/Main.storyboard; sourceTree = "<group>"; };
		EA6AB820251210D600E92ECC /* Assets.xcassets */ = {isa = PBXFileReference; lastKnownFileType = folder.assetcatalog; path = Assets.xcassets; sourceTree = "<group>"; };
		EA6AB823251210D600E92ECC /* Base */ = {isa = PBXFileReference; lastKnownFileType = file.storyboard; name = Base; path = Base.lproj/LaunchScreen.storyboard; sourceTree = "<group>"; };
		EA6AB825251210D600E92ECC /* Info.plist */ = {isa = PBXFileReference; lastKnownFileType = text.plist.xml; path = Info.plist; sourceTree = "<group>"; };
		EA6AB832251222B100E92ECC /* NewPodcastTableViewController.swift */ = {isa = PBXFileReference; lastKnownFileType = sourcecode.swift; path = NewPodcastTableViewController.swift; sourceTree = "<group>"; };
/* End PBXFileReference section */

/* Begin PBXFrameworksBuildPhase section */
		EA6AB811251210D400E92ECC /* Frameworks */ = {
			isa = PBXFrameworksBuildPhase;
			buildActionMask = 2147483647;
			files = (
			);
			runOnlyForDeploymentPostprocessing = 0;
		};
/* End PBXFrameworksBuildPhase section */

/* Begin PBXGroup section */
		EA6AB80B251210D400E92ECC = {
			isa = PBXGroup;
			children = (
				EA6AB816251210D400E92ECC /* VK Podcasts (Vezdekod) */,
				EA6AB815251210D400E92ECC /* Products */,
			);
			sourceTree = "<group>";
		};
		EA6AB815251210D400E92ECC /* Products */ = {
			isa = PBXGroup;
			children = (
				EA6AB814251210D400E92ECC /* VK Podcasts (Vezdekod).app */,
			);
			name = Products;
			sourceTree = "<group>";
		};
		EA6AB816251210D400E92ECC /* VK Podcasts (Vezdekod) */ = {
			isa = PBXGroup;
			children = (
				EA6AB82D251221E700E92ECC /* Views */,
				EA6AB82E251221EE00E92ECC /* Controllers */,
				EA6AB82F2512220C00E92ECC /* Resources */,
				EA6AB8302512222200E92ECC /* Application */,
				EA6AB8312512222D00E92ECC /* Configuration */,
			);
			path = "VK Podcasts (Vezdekod)";
			sourceTree = "<group>";
		};
		EA6AB82D251221E700E92ECC /* Views */ = {
			isa = PBXGroup;
			children = (
				EA6AB81D251210D400E92ECC /* Main.storyboard */,
			);
			path = Views;
			sourceTree = "<group>";
		};
		EA6AB82E251221EE00E92ECC /* Controllers */ = {
			isa = PBXGroup;
			children = (
				EA6AB81B251210D400E92ECC /* WelcomeViewController.swift */,
				EA6AB832251222B100E92ECC /* NewPodcastTableViewController.swift */,
			);
			path = Controllers;
			sourceTree = "<group>";
		};
		EA6AB82F2512220C00E92ECC /* Resources */ = {
			isa = PBXGroup;
			children = (
				EA6AB820251210D600E92ECC /* Assets.xcassets */,
				EA6AB822251210D600E92ECC /* LaunchScreen.storyboard */,
			);
			path = Resources;
			sourceTree = "<group>";
		};
		EA6AB8302512222200E92ECC /* Application */ = {
			isa = PBXGroup;
			children = (
				EA6AB817251210D400E92ECC /* AppDelegate.swift */,
				EA6AB819251210D400E92ECC /* SceneDelegate.swift */,
			);
			path = Application;
			sourceTree = "<group>";
		};
		EA6AB8312512222D00E92ECC /* Configuration */ = {
			isa = PBXGroup;
			children = (
				EA6AB825251210D600E92ECC /* Info.plist */,
			);
			path = Configuration;
			sourceTree = "<group>";
		};
/* End PBXGroup section */

/* Begin PBXNativeTarget section */
		EA6AB813251210D400E92ECC /* VK Podcasts (Vezdekod) */ = {
			isa = PBXNativeTarget;
			buildConfigurationList = EA6AB828251210D600E92ECC /* Build configuration list for PBXNativeTarget "VK Podcasts (Vezdekod)" */;
			buildPhases = (
				EA6AB810251210D400E92ECC /* Sources */,
				EA6AB811251210D400E92ECC /* Frameworks */,
				EA6AB812251210D400E92ECC /* Resources */,
			);
			buildRules = (
			);
			dependencies = (
			);
			name = "VK Podcasts (Vezdekod)";
			productName = "VK Podcasts (Vezdekod)";
			productReference = EA6AB814251210D400E92ECC /* VK Podcasts (Vezdekod).app */;
			productType = "com.apple.product-type.application";
		};
/* End PBXNativeTarget section */

/* Begin PBXProject section */
		EA6AB80C251210D400E92ECC /* Project object */ = {
			isa = PBXProject;
			attributes = {
				LastSwiftUpdateCheck = 1170;
				LastUpgradeCheck = 1170;
				ORGANIZATIONNAME = AlexislogS;
				TargetAttributes = {
					EA6AB813251210D400E92ECC = {
						CreatedOnToolsVersion = 11.7;
					};
				};
			};
			buildConfigurationList = EA6AB80F251210D400E92ECC /* Build configuration list for PBXProject "VK Podcasts (Vezdekod)" */;
			compatibilityVersion = "Xcode 9.3";
			developmentRegion = en;
			hasScannedForEncodings = 0;
			knownRegions = (
				en,
				Base,
			);
			mainGroup = EA6AB80B251210D400E92ECC;
			productRefGroup = EA6AB815251210D400E92ECC /* Products */;
			projectDirPath = "";
			projectRoot = "";
			targets = (
				EA6AB813251210D400E92ECC /* VK Podcasts (Vezdekod) */,
			);
		};
/* End PBXProject section */

/* Begin PBXResourcesBuildPhase section */
		EA6AB812251210D400E92ECC /* Resources */ = {
			isa = PBXResourcesBuildPhase;
			buildActionMask = 2147483647;
			files = (
				EA6AB824251210D600E92ECC /* LaunchScreen.storyboard in Resources */,
				EA6AB821251210D600E92ECC /* Assets.xcassets in Resources */,
				EA6AB81F251210D400E92ECC /* Main.storyboard in Resources */,
			);
			runOnlyForDeploymentPostprocessing = 0;
		};
/* End PBXResourcesBuildPhase section */

/* Begin PBXSourcesBuildPhase section */
		EA6AB810251210D400E92ECC /* Sources */ = {
			isa = PBXSourcesBuildPhase;
			buildActionMask = 2147483647;
			files = (
				EA6AB81C251210D400E92ECC /* WelcomeViewController.swift in Sources */,
				EA6AB833251222B100E92ECC /* NewPodcastTableViewController.swift in Sources */,
				EA6AB818251210D400E92ECC /* AppDelegate.swift in Sources */,
				EA6AB81A251210D400E92ECC /* SceneDelegate.swift in Sources */,
			);
			runOnlyForDeploymentPostprocessing = 0;
		};
/* End PBXSourcesBuildPhase section */

/* Begin PBXVariantGroup section */
		EA6AB81D251210D400E92ECC /* Main.storyboard */ = {
			isa = PBXVariantGroup;
			children = (
				EA6AB81E251210D400E92ECC /* Base */,
			);
			name = Main.storyboard;
			sourceTree = "<group>";
		};
		EA6AB822251210D600E92ECC /* LaunchScreen.storyboard */ = {
			isa = PBXVariantGroup;
			children = (
				EA6AB823251210D600E92ECC /* Base */,
			);
			name = LaunchScreen.storyboard;
			sourceTree = "<group>";
		};
/* End PBXVariantGroup section */

/* Begin XCBuildConfiguration section */
		EA6AB826251210D600E92ECC /* Debug */ = {
			isa = XCBuildConfiguration;
			buildSettings = {
				ALWAYS_SEARCH_USER_PATHS = NO;
				CLANG_ANALYZER_NONNULL = YES;
				CLANG_ANALYZER_NUMBER_OBJECT_CONVERSION = YES_AGGRESSIVE;
				CLANG_CXX_LANGUAGE_STANDARD = "gnu++14";
				CLANG_CXX_LIBRARY = "libc++";
				CLANG_ENABLE_MODULES = YES;
				CLANG_ENABLE_OBJC_ARC = YES;
				CLANG_ENABLE_OBJC_WEAK = YES;
				CLANG_WARN_BLOCK_CAPTURE_AUTORELEASING = YES;
				CLANG_WARN_BOOL_CONVERSION = YES;
				CLANG_WARN_COMMA = YES;
				CLANG_WARN_CONSTANT_CONVERSION = YES;
				CLANG_WARN_DEPRECATED_OBJC_IMPLEMENTATIONS = YES;
				CLANG_WARN_DIRECT_OBJC_ISA_USAGE = YES_ERROR;
				CLANG_WARN_DOCUMENTATION_COMMENTS = YES;
				CLANG_WARN_EMPTY_BODY = YES;
				CLANG_WARN_ENUM_CONVERSION = YES;
				CLANG_WARN_INFINITE_RECURSION = YES;
				CLANG_WARN_INT_CONVERSION = YES;
				CLANG_WARN_NON_LITERAL_NULL_CONVERSION = YES;
				CLANG_WARN_OBJC_IMPLICIT_RETAIN_SELF = YES;
				CLANG_WARN_OBJC_LITERAL_CONVERSION = YES;
				CLANG_WARN_OBJC_ROOT_CLASS = YES_ERROR;
				CLANG_WARN_RANGE_LOOP_ANALYSIS = YES;
				CLANG_WARN_STRICT_PROTOTYPES = YES;
				CLANG_WARN_SUSPICIOUS_MOVE = YES;
				CLANG_WARN_UNGUARDED_AVAILABILITY = YES_AGGRESSIVE;
				CLANG_WARN_UNREACHABLE_CODE = YES;
				CLANG_WARN__DUPLICATE_METHOD_MATCH = YES;
				COPY_PHASE_STRIP = NO;
				DEBUG_INFORMATION_FORMAT = dwarf;
				ENABLE_STRICT_OBJC_MSGSEND = YES;
				ENABLE_TESTABILITY = YES;
				GCC_C_LANGUAGE_STANDARD = gnu11;
				GCC_DYNAMIC_NO_PIC = NO;
				GCC_NO_COMMON_BLOCKS = YES;
				GCC_OPTIMIZATION_LEVEL = 0;
				GCC_PREPROCESSOR_DEFINITIONS = (
					"DEBUG=1",
					"$(inherited)",
				);
				GCC_WARN_64_TO_32_BIT_CONVERSION = YES;
				GCC_WARN_ABOUT_RETURN_TYPE = YES_ERROR;
				GCC_WARN_UNDECLARED_SELECTOR = YES;
				GCC_WARN_UNINITIALIZED_AUTOS = YES_AGGRESSIVE;
				GCC_WARN_UNUSED_FUNCTION = YES;
				GCC_WARN_UNUSED_VARIABLE = YES;
				IPHONEOS_DEPLOYMENT_TARGET = 13.7;
				MTL_ENABLE_DEBUG_INFO = INCLUDE_SOURCE;
				MTL_FAST_MATH = YES;
				ONLY_ACTIVE_ARCH = YES;
				SDKROOT = iphoneos;
				SWIFT_ACTIVE_COMPILATION_CONDITIONS = DEBUG;
				SWIFT_OPTIMIZATION_LEVEL = "-Onone";
			};
			name = Debug;
		};
		EA6AB827251210D600E92ECC /* Release */ = {
			isa = XCBuildConfiguration;
			buildSettings = {
				ALWAYS_SEARCH_USER_PATHS = NO;
				CLANG_ANALYZER_NONNULL = YES;
				CLANG_ANALYZER_NUMBER_OBJECT_CONVERSION = YES_AGGRESSIVE;
				CLANG_CXX_LANGUAGE_STANDARD = "gnu++14";
				CLANG_CXX_LIBRARY = "libc++";
				CLANG_ENABLE_MODULES = YES;
				CLANG_ENABLE_OBJC_ARC = YES;
				CLANG_ENABLE_OBJC_WEAK = YES;
				CLANG_WARN_BLOCK_CAPTURE_AUTORELEASING = YES;
				CLANG_WARN_BOOL_CONVERSION = YES;
				CLANG_WARN_COMMA = YES;
				CLANG_WARN_CONSTANT_CONVERSION = YES;
				CLANG_WARN_DEPRECATED_OBJC_IMPLEMENTATIONS = YES;
				CLANG_WARN_DIRECT_OBJC_ISA_USAGE = YES_ERROR;
				CLANG_WARN_DOCUMENTATION_COMMENTS = YES;
				CLANG_WARN_EMPTY_BODY = YES;
				CLANG_WARN_ENUM_CONVERSION = YES;
				CLANG_WARN_INFINITE_RECURSION = YES;
				CLANG_WARN_INT_CONVERSION = YES;
				CLANG_WARN_NON_LITERAL_NULL_CONVERSION = YES;
				CLANG_WARN_OBJC_IMPLICIT_RETAIN_SELF = YES;
				CLANG_WARN_OBJC_LITERAL_CONVERSION = YES;
				CLANG_WARN_OBJC_ROOT_CLASS = YES_ERROR;
				CLANG_WARN_RANGE_LOOP_ANALYSIS = YES;
				CLANG_WARN_STRICT_PROTOTYPES = YES;
				CLANG_WARN_SUSPICIOUS_MOVE = YES;
				CLANG_WARN_UNGUARDED_AVAILABILITY = YES_AGGRESSIVE;
				CLANG_WARN_UNREACHABLE_CODE = YES;
				CLANG_WARN__DUPLICATE_METHOD_MATCH = YES;
				COPY_PHASE_STRIP = NO;
				DEBUG_INFORMATION_FORMAT = "dwarf-with-dsym";
				ENABLE_NS_ASSERTIONS = NO;
				ENABLE_STRICT_OBJC_MSGSEND = YES;
				GCC_C_LANGUAGE_STANDARD = gnu11;
				GCC_NO_COMMON_BLOCKS = YES;
				GCC_WARN_64_TO_32_BIT_CONVERSION = YES;
				GCC_WARN_ABOUT_RETURN_TYPE = YES_ERROR;
				GCC_WARN_UNDECLARED_SELECTOR = YES;
				GCC_WARN_UNINITIALIZED_AUTOS = YES_AGGRESSIVE;
				GCC_WARN_UNUSED_FUNCTION = YES;
				GCC_WARN_UNUSED_VARIABLE = YES;
				IPHONEOS_DEPLOYMENT_TARGET = 13.7;
				MTL_ENABLE_DEBUG_INFO = NO;
				MTL_FAST_MATH = YES;
				SDKROOT = iphoneos;
				SWIFT_COMPILATION_MODE = wholemodule;
				SWIFT_OPTIMIZATION_LEVEL = "-O";
				VALIDATE_PRODUCT = YES;
			};
			name = Release;
		};
		EA6AB829251210D600E92ECC /* Debug */ = {
			isa = XCBuildConfiguration;
			buildSettings = {
				ASSETCATALOG_COMPILER_APPICON_NAME = AppIcon;
				CODE_SIGN_STYLE = Automatic;
				DEVELOPMENT_TEAM = UG5F626PKK;
				INFOPLIST_FILE = "$(SRCROOT)/VK Podcasts (Vezdekod)/Configuration/Info.plist";
				LD_RUNPATH_SEARCH_PATHS = (
					"$(inherited)",
					"@executable_path/Frameworks",
				);
				PRODUCT_BUNDLE_IDENTIFIER = "AS.VK-Podcasts--Vezdekod-";
				PRODUCT_NAME = "$(TARGET_NAME)";
				SWIFT_VERSION = 5.0;
				TARGETED_DEVICE_FAMILY = "1,2";
			};
			name = Debug;
		};
		EA6AB82A251210D600E92ECC /* Release */ = {
			isa = XCBuildConfiguration;
			buildSettings = {
				ASSETCATALOG_COMPILER_APPICON_NAME = AppIcon;
				CODE_SIGN_STYLE = Automatic;
				DEVELOPMENT_TEAM = UG5F626PKK;
				INFOPLIST_FILE = "$(SRCROOT)/VK Podcasts (Vezdekod)/Configuration/Info.plist";
				LD_RUNPATH_SEARCH_PATHS = (
					"$(inherited)",
					"@executable_path/Frameworks",
				);
				PRODUCT_BUNDLE_IDENTIFIER = "AS.VK-Podcasts--Vezdekod-";
				PRODUCT_NAME = "$(TARGET_NAME)";
				SWIFT_VERSION = 5.0;
				TARGETED_DEVICE_FAMILY = "1,2";
			};
			name = Release;
		};
/* End XCBuildConfiguration section */

/* Begin XCConfigurationList section */
		EA6AB80F251210D400E92ECC /* Build configuration list for PBXProject "VK Podcasts (Vezdekod)" */ = {
			isa = XCConfigurationList;
			buildConfigurations = (
				EA6AB826251210D600E92ECC /* Debug */,
				EA6AB827251210D600E92ECC /* Release */,
			);
			defaultConfigurationIsVisible = 0;
			defaultConfigurationName = Release;
		};
		EA6AB828251210D600E92ECC /* Build configuration list for PBXNativeTarget "VK Podcasts (Vezdekod)" */ = {
			isa = XCConfigurationList;
			buildConfigurations = (
				EA6AB829251210D600E92ECC /* Debug */,
				EA6AB82A251210D600E92ECC /* Release */,
			);
			defaultConfigurationIsVisible = 0;
			defaultConfigurationName = Release;
		};
/* End XCConfigurationList section */
	};
	rootObject = EA6AB80C251210D400E92ECC /* Project object */;
}
